PODS:
  - AmazonPublisherServicesSDK (4.9.3)
  - AppLovinSDK (12.5.0)
  - CrackleSDK (0.0.1):
    - AppLovinSDK
    - Google-Mobile-Ads-SDK
    - IronSourceAppLovinAdapter (= 4.3.46.2)
    - IronSourceAPSAdapter (= 4.3.13.4)
    - IronSourceSDK
  - Google-Mobile-Ads-SDK (11.5.0):
    - GoogleUserMessagingPlatform (>= 1.1)
  - GoogleUserMessagingPlatform (2.4.0)
  - IronSourceAppLovinAdapter (4.3.46.2):
    - AppLovinSDK (= 12.5.0)
    - IronSourceSDK (= 8.1.1.0)
  - IronSourceAPSAdapter (4.3.13.4):
    - AmazonPublisherServicesSDK (= 4.9.3)
    - IronSourceSDK (= 8.1.1.0)
  - IronSourceSDK (8.1.1.0)
  - testSDKGarvit (0.0.1)

DEPENDENCIES:
  - AppLovinSDK
  - CrackleSDK (from `../../CrackleSDK`)
  - Google-Mobile-Ads-SDK
  - IronSourceAppLovinAdapter (= 4.3.46.2)
  - IronSourceAPSAdapter (= 4.3.13.4)
  - IronSourceSDK (= 8.1.1.0)
  - testSDKGarvit (= 0.0.1)

SPEC REPOS:
  trunk:
    - AmazonPublisherServicesSDK
    - AppLovinSDK
    - Google-Mobile-Ads-SDK
    - GoogleUserMessagingPlatform
    - IronSourceAppLovinAdapter
    - IronSourceAPSAdapter
    - IronSourceSDK
    - testSDKGarvit

EXTERNAL SOURCES:
  CrackleSDK:
    :path: "../../CrackleSDK"

SPEC CHECKSUMS:
  AmazonPublisherServicesSDK: 637a51454e0d7c37c8cb75628b30129f58908a56
  AppLovinSDK: 626d2aea57ae1bf9280d2012e8e20c521c58ce28
  CrackleSDK: 3f997473263f0dd8de8ad849affdefa32adfdca8
  Google-Mobile-Ads-SDK: 7db2098033ad3bfcd72a11e7503b49700a93029e
  GoogleUserMessagingPlatform: f131fa7978d2ba88d7426702b057c2cc318e6595
  IronSourceAppLovinAdapter: 1718640c1f4bf1381b3b5dacdcc373b43b2d817f
  IronSourceAPSAdapter: bef973123fe8913aa612cfe52242941be79e4b7e
  IronSourceSDK: f44778e8b9b76b33130b4cbc11e722ff1c7d1813
  testSDKGarvit: 581023337e10715529b4af401e2e4a5d76f67761

PODFILE CHECKSUM: 5b4a8b6a9f64e2d6396dd78f0921f97b7e703482

COCOAPODS: 1.15.2
